dependencies:
  abobija/rc522:
    component_hash: 041887e58a81f8261aa370bd5f62b54edfe0396e226fb565ae14ce41af0ad891
    dependencies:
    - name: idf
      require: private
      version: ^5.0
    source:
      registry_url: https://components.espressif.com/
      type: service
    version: 3.4.3
  espressif/cJSON:
    component_hash: 9372811fb197926f522c467627cf4a8e72b681e0366e17879631da801103aef3
    dependencies:
    - name: idf
      require: private
      version: '>=5.0'
    source:
      registry_url: https://components.espressif.com/
      type: service
    version: 1.7.19
  espressif/esp_codec_dev:
    component_hash: 1a3a2e518cd8b52e8796ec393a4050977f8f113599056faf085a02a57e194f86
    dependencies:
    - name: idf
      require: private
      version: '>=4.0'
    source:
      registry_url: https://components.espressif.com/
      type: service
    version: 1.1.0
  espressif/led_strip:
    component_hash: f0d1b7f93eb3ee57bcfd220656176b0b5616e1947f89ed44364555cf910c4840
    dependencies:
    - name: idf
      require: private
      version: '>=5.0'
    source:
      registry_url: https://components.espressif.com/
      type: service
    version: 3.0.2
  idf:
    source:
      type: idf
    version: 5.5.1
direct_dependencies:
- abobija/rc522
- espressif/cJSON
- espressif/esp_codec_dev
- espressif/led_strip
manifest_hash: 3ee48e80dcd4998974c5d35388e40f3d70913a9ac7c8106bd7c50c5beea0a2e5
target: esp32s3
version: 2.0.0
